
Microsoft Visual Studio Solution File, Format Version 12.00
# Visual Studio Version 17
VisualStudioVersion = 17.10.35004.147
MinimumVisualStudioVersion = 10.0.40219.1
Project("{FAE04EC0-301F-11D3-BF4B-00C04F79EFBC}") = "CShap_phuongtrinhbat1", "CShap_phuongtrinhbat1.csproj", "{D7EF9AAE-4B76-44C8-945F-0DD5F7BE4157}"
EndProject
Global
	GlobalSection(SolutionConfigurationPlatforms) = preSolution
		Debug|Any CPU = Debug|Any CPU
		Release|Any CPU = Release|Any CPU
	EndGlobalSection
	GlobalSection(ProjectConfigurationPlatforms) = postSolution
		{D7EF9AAE-4B76-44C8-945F-0DD5F7BE4157}.Debug|Any CPU.ActiveCfg = Debug|Any CPU
		{D7EF9AAE-4B76-44C8-945F-0DD5F7BE4157}.Debug|Any CPU.Build.0 = Debug|Any CPU
		{D7EF9AAE-4B76-44C8-945F-0DD5F7BE4157}.Release|Any CPU.ActiveCfg = Release|Any CPU
		{D7EF9AAE-4B76-44C8-945F-0DD5F7BE4157}.Release|Any CPU.Build.0 = Release|Any CPU
	EndGlobalSection
	GlobalSection(SolutionProperties) = preSolution
		HideSolutionNode = FALSE
	EndGlobalSection
	GlobalSection(ExtensibilityGlobals) = postSolution
		SolutionGuid = {3B53EF77-6877-4DB7-B7F7-3FBAF0944624}
	EndGlobalSection
EndGlobal
